
Microsoft Visual Studio Solution File, Format Version 12.00
# Visual Studio Version 17
VisualStudioVersion = 17.13.35806.99 d17.13
MinimumVisualStudioVersion = 10.0.40219.1
Project("{FAE04EC0-301F-11D3-BF4B-00C04F79EFBC}") = "Booking", "Booking.csproj", "{5A934C95-722B-4657-93C7-B014DA003028}"
EndProject
Global
	GlobalSection(SolutionConfigurationPlatforms) = preSolution
		Debug|Any CPU = Debug|Any CPU
		Release|Any CPU = Release|Any CPU
	EndGlobalSection
	GlobalSection(ProjectConfigurationPlatforms) = postSolution
		{5A934C95-722B-4657-93C7-B014DA003028}.Debug|Any CPU.ActiveCfg = Debug|Any CPU
		{5A934C95-722B-4657-93C7-B014DA003028}.Debug|Any CPU.Build.0 = Debug|Any CPU
		{5A934C95-722B-4657-93C7-B014DA003028}.Release|Any CPU.ActiveCfg = Release|Any CPU
		{5A934C95-722B-4657-93C7-B014DA003028}.Release|Any CPU.Build.0 = Release|Any CPU
	EndGlobalSection
	GlobalSection(SolutionProperties) = preSolution
		HideSolutionNode = FALSE
	EndGlobalSection
	GlobalSection(ExtensibilityGlobals) = postSolution
		SolutionGuid = {E56D95D9-0400-4FF1-B5DE-DCC608D7AE44}
	EndGlobalSection
EndGlobal
